
Microsoft Visual Studio Solution File, Format Version 12.00
# Visual Studio 15
VisualStudioVersion = 15.0.26124.0
MinimumVisualStudioVersion = 15.0.26124.0
Project("{FAE04EC0-301F-11D3-BF4B-00C04F79EFBC}") = "HealthCheck", "HealthCheck\HealthCheck.csproj", "{970BDB47-AD9D-427D-BC59-61205637D501}"
EndProject
Project("{FAE04EC0-301F-11D3-BF4B-00C04F79EFBC}") = "HealthCheckWebapi", "HealthCheckWebapi\HealthCheckWebapi.csproj", "{734DEA59-01FB-4A3F-A338-6E6EC29A2227}"
EndProject
Project("{FAE04EC0-301F-11D3-BF4B-00C04F79EFBC}") = "PostLogger", "PostLogger\PostLogger.csproj", "{D60580A3-350F-46C9-BDAE-72E761954F59}"
EndProject
Global
	GlobalSection(SolutionConfigurationPlatforms) = preSolution
		Debug|Any CPU = Debug|Any CPU
		Debug|x64 = Debug|x64
		Debug|x86 = Debug|x86
		Release|Any CPU = Release|Any CPU
		Release|x64 = Release|x64
		Release|x86 = Release|x86
	EndGlobalSection
	GlobalSection(SolutionProperties) = preSolution
		HideSolutionNode = FALSE
	EndGlobalSection
	GlobalSection(ProjectConfigurationPlatforms) = postSolution
		{970BDB47-AD9D-427D-BC59-61205637D501}.Debug|Any CPU.ActiveCfg = Debug|Any CPU
		{970BDB47-AD9D-427D-BC59-61205637D501}.Debug|Any CPU.Build.0 = Debug|Any CPU
		{970BDB47-AD9D-427D-BC59-61205637D501}.Debug|x64.ActiveCfg = Debug|x64
		{970BDB47-AD9D-427D-BC59-61205637D501}.Debug|x64.Build.0 = Debug|x64
		{970BDB47-AD9D-427D-BC59-61205637D501}.Debug|x86.ActiveCfg = Debug|x86
		{970BDB47-AD9D-427D-BC59-61205637D501}.Debug|x86.Build.0 = Debug|x86
		{970BDB47-AD9D-427D-BC59-61205637D501}.Release|Any CPU.ActiveCfg = Release|Any CPU
		{970BDB47-AD9D-427D-BC59-61205637D501}.Release|Any CPU.Build.0 = Release|Any CPU
		{970BDB47-AD9D-427D-BC59-61205637D501}.Release|x64.ActiveCfg = Release|x64
		{970BDB47-AD9D-427D-BC59-61205637D501}.Release|x64.Build.0 = Release|x64
		{970BDB47-AD9D-427D-BC59-61205637D501}.Release|x86.ActiveCfg = Release|x86
		{970BDB47-AD9D-427D-BC59-61205637D501}.Release|x86.Build.0 = Release|x86
		{734DEA59-01FB-4A3F-A338-6E6EC29A2227}.Debug|Any CPU.ActiveCfg = Debug|Any CPU
		{734DEA59-01FB-4A3F-A338-6E6EC29A2227}.Debug|Any CPU.Build.0 = Debug|Any CPU
		{734DEA59-01FB-4A3F-A338-6E6EC29A2227}.Debug|x64.ActiveCfg = Debug|x64
		{734DEA59-01FB-4A3F-A338-6E6EC29A2227}.Debug|x64.Build.0 = Debug|x64
		{734DEA59-01FB-4A3F-A338-6E6EC29A2227}.Debug|x86.ActiveCfg = Debug|x86
		{734DEA59-01FB-4A3F-A338-6E6EC29A2227}.Debug|x86.Build.0 = Debug|x86
		{734DEA59-01FB-4A3F-A338-6E6EC29A2227}.Release|Any CPU.ActiveCfg = Release|Any CPU
		{734DEA59-01FB-4A3F-A338-6E6EC29A2227}.Release|Any CPU.Build.0 = Release|Any CPU
		{734DEA59-01FB-4A3F-A338-6E6EC29A2227}.Release|x64.ActiveCfg = Release|x64
		{734DEA59-01FB-4A3F-A338-6E6EC29A2227}.Release|x64.Build.0 = Release|x64
		{734DEA59-01FB-4A3F-A338-6E6EC29A2227}.Release|x86.ActiveCfg = Release|x86
		{734DEA59-01FB-4A3F-A338-6E6EC29A2227}.Release|x86.Build.0 = Release|x86
		{D60580A3-350F-46C9-BDAE-72E761954F59}.Debug|Any CPU.ActiveCfg = Debug|Any CPU
		{D60580A3-350F-46C9-BDAE-72E761954F59}.Debug|Any CPU.Build.0 = Debug|Any CPU
		{D60580A3-350F-46C9-BDAE-72E761954F59}.Debug|x64.ActiveCfg = Debug|x64
		{D60580A3-350F-46C9-BDAE-72E761954F59}.Debug|x64.Build.0 = Debug|x64
		{D60580A3-350F-46C9-BDAE-72E761954F59}.Debug|x86.ActiveCfg = Debug|x86
		{D60580A3-350F-46C9-BDAE-72E761954F59}.Debug|x86.Build.0 = Debug|x86
		{D60580A3-350F-46C9-BDAE-72E761954F59}.Release|Any CPU.ActiveCfg = Release|Any CPU
		{D60580A3-350F-46C9-BDAE-72E761954F59}.Release|Any CPU.Build.0 = Release|Any CPU
		{D60580A3-350F-46C9-BDAE-72E761954F59}.Release|x64.ActiveCfg = Release|x64
		{D60580A3-350F-46C9-BDAE-72E761954F59}.Release|x64.Build.0 = Release|x64
		{D60580A3-350F-46C9-BDAE-72E761954F59}.Release|x86.ActiveCfg = Release|x86
		{D60580A3-350F-46C9-BDAE-72E761954F59}.Release|x86.Build.0 = Release|x86
	EndGlobalSection
EndGlobal
